
Microsoft Visual Studio Solution File, Format Version 12.00
# Visual Studio Version 16
VisualStudioVersion = 16.0.29926.136
MinimumVisualStudioVersion = 10.0.40219.1
Project("{9A19103F-16F7-4668-BE54-9A1E7A4F7556}") = "CoreOcelot", "CoreOcelot\CoreOcelot.csproj", "{2A5A1B06-3914-43CB-936E-E35980C317D1}"
EndProject
Project("{9A19103F-16F7-4668-BE54-9A1E7A4F7556}") = "order-api", "order-api\order-api.csproj", "{6C1F10E5-7C7F-4FFA-AD9A-E33C9C396917}"
EndProject
Project("{9A19103F-16F7-4668-BE54-9A1E7A4F7556}") = "product-api", "product-api\product-api.csproj", "{69B2EF2E-C246-46C3-9855-4C161BDDF980}"
EndProject
Project("{9A19103F-16F7-4668-BE54-9A1E7A4F7556}") = "ConsulApi", "ConsulApi\ConsulApi.csproj", "{80652E04-358B-43CF-8685-A6F341690E0B}"
EndProject
Project("{9A19103F-16F7-4668-BE54-9A1E7A4F7556}") = "WebClient", "WebClient\WebClient.csproj", "{0A721D9F-A60E-4209-8482-C2B8F622E79A}"
EndProject
Project("{2150E333-8FDC-42A3-9474-1A3956D46DE8}") = "Services", "Services", "{013DC978-2AF6-40C9-B307-EAC1960571B3}"
EndProject
Project("{FAE04EC0-301F-11D3-BF4B-00C04F79EFBC}") = "ServiceA", "ServiceA\ServiceA.csproj", "{6529A59E-F616-4B5B-9215-D97C352EBE3A}"
EndProject
Project("{2150E333-8FDC-42A3-9474-1A3956D46DE8}") = "IdentityServer4", "IdentityServer4", "{D5F8D09F-198B-4884-A851-B204274DDC09}"
EndProject
Project("{FAE04EC0-301F-11D3-BF4B-00C04F79EFBC}") = "IdentityServer4_Server", "IdentityServer4_Server\IdentityServer4_Server.csproj", "{D6B20A44-38DA-4BCB-AAD9-67F84A209317}"
EndProject
Project("{FAE04EC0-301F-11D3-BF4B-00C04F79EFBC}") = "IdentityServer4_Api", "IdentityServer4_Api\IdentityServer4_Api.csproj", "{2BC17785-F617-4D94-9544-F01F0904DB04}"
EndProject
Project("{FAE04EC0-301F-11D3-BF4B-00C04F79EFBC}") = "client", "client\client.csproj", "{00466C0B-24C5-4956-968E-E7F10F57F9FC}"
EndProject
Project("{FAE04EC0-301F-11D3-BF4B-00C04F79EFBC}") = "IdentityServer4_Openid", "IdentityServer4_Openid\IdentityServer4_Openid.csproj", "{6BA1E619-02B3-4EE7-98CA-9D9B2A688ABC}"
EndProject
Project("{FAE04EC0-301F-11D3-BF4B-00C04F79EFBC}") = "IdentityServer4_ClientOpenid", "IdentityServer4_ClientOpenid\IdentityServer4_ClientOpenid.csproj", "{6FEA2D43-9077-4C5F-BF9C-0F82E0412287}"
EndProject
Global
	GlobalSection(SolutionConfigurationPlatforms) = preSolution
		Debug|Any CPU = Debug|Any CPU
		Release|Any CPU = Release|Any CPU
	EndGlobalSection
	GlobalSection(ProjectConfigurationPlatforms) = postSolution
		{2A5A1B06-3914-43CB-936E-E35980C317D1}.Debug|Any CPU.ActiveCfg = Debug|Any CPU
		{2A5A1B06-3914-43CB-936E-E35980C317D1}.Debug|Any CPU.Build.0 = Debug|Any CPU
		{2A5A1B06-3914-43CB-936E-E35980C317D1}.Release|Any CPU.ActiveCfg = Release|Any CPU
		{2A5A1B06-3914-43CB-936E-E35980C317D1}.Release|Any CPU.Build.0 = Release|Any CPU
		{6C1F10E5-7C7F-4FFA-AD9A-E33C9C396917}.Debug|Any CPU.ActiveCfg = Debug|Any CPU
		{6C1F10E5-7C7F-4FFA-AD9A-E33C9C396917}.Debug|Any CPU.Build.0 = Debug|Any CPU
		{6C1F10E5-7C7F-4FFA-AD9A-E33C9C396917}.Release|Any CPU.ActiveCfg = Release|Any CPU
		{6C1F10E5-7C7F-4FFA-AD9A-E33C9C396917}.Release|Any CPU.Build.0 = Release|Any CPU
		{69B2EF2E-C246-46C3-9855-4C161BDDF980}.Debug|Any CPU.ActiveCfg = Debug|Any CPU
		{69B2EF2E-C246-46C3-9855-4C161BDDF980}.Debug|Any CPU.Build.0 = Debug|Any CPU
		{69B2EF2E-C246-46C3-9855-4C161BDDF980}.Release|Any CPU.ActiveCfg = Release|Any CPU
		{69B2EF2E-C246-46C3-9855-4C161BDDF980}.Release|Any CPU.Build.0 = Release|Any CPU
		{80652E04-358B-43CF-8685-A6F341690E0B}.Debug|Any CPU.ActiveCfg = Debug|Any CPU
		{80652E04-358B-43CF-8685-A6F341690E0B}.Debug|Any CPU.Build.0 = Debug|Any CPU
		{80652E04-358B-43CF-8685-A6F341690E0B}.Release|Any CPU.ActiveCfg = Release|Any CPU
		{80652E04-358B-43CF-8685-A6F341690E0B}.Release|Any CPU.Build.0 = Release|Any CPU
		{0A721D9F-A60E-4209-8482-C2B8F622E79A}.Debug|Any CPU.ActiveCfg = Debug|Any CPU
		{0A721D9F-A60E-4209-8482-C2B8F622E79A}.Debug|Any CPU.Build.0 = Debug|Any CPU
		{0A721D9F-A60E-4209-8482-C2B8F622E79A}.Release|Any CPU.ActiveCfg = Release|Any CPU
		{0A721D9F-A60E-4209-8482-C2B8F622E79A}.Release|Any CPU.Build.0 = Release|Any CPU
		{6529A59E-F616-4B5B-9215-D97C352EBE3A}.Debug|Any CPU.ActiveCfg = Debug|Any CPU
		{6529A59E-F616-4B5B-9215-D97C352EBE3A}.Debug|Any CPU.Build.0 = Debug|Any CPU
		{6529A59E-F616-4B5B-9215-D97C352EBE3A}.Release|Any CPU.ActiveCfg = Release|Any CPU
		{6529A59E-F616-4B5B-9215-D97C352EBE3A}.Release|Any CPU.Build.0 = Release|Any CPU
		{D6B20A44-38DA-4BCB-AAD9-67F84A209317}.Debug|Any CPU.ActiveCfg = Debug|Any CPU
		{D6B20A44-38DA-4BCB-AAD9-67F84A209317}.Debug|Any CPU.Build.0 = Debug|Any CPU
		{D6B20A44-38DA-4BCB-AAD9-67F84A209317}.Release|Any CPU.ActiveCfg = Release|Any CPU
		{D6B20A44-38DA-4BCB-AAD9-67F84A209317}.Release|Any CPU.Build.0 = Release|Any CPU
		{2BC17785-F617-4D94-9544-F01F0904DB04}.Debug|Any CPU.ActiveCfg = Debug|Any CPU
		{2BC17785-F617-4D94-9544-F01F0904DB04}.Debug|Any CPU.Build.0 = Debug|Any CPU
		{2BC17785-F617-4D94-9544-F01F0904DB04}.Release|Any CPU.ActiveCfg = Release|Any CPU
		{2BC17785-F617-4D94-9544-F01F0904DB04}.Release|Any CPU.Build.0 = Release|Any CPU
		{00466C0B-24C5-4956-968E-E7F10F57F9FC}.Debug|Any CPU.ActiveCfg = Debug|Any CPU
		{00466C0B-24C5-4956-968E-E7F10F57F9FC}.Debug|Any CPU.Build.0 = Debug|Any CPU
		{00466C0B-24C5-4956-968E-E7F10F57F9FC}.Release|Any CPU.ActiveCfg = Release|Any CPU
		{00466C0B-24C5-4956-968E-E7F10F57F9FC}.Release|Any CPU.Build.0 = Release|Any CPU
		{6BA1E619-02B3-4EE7-98CA-9D9B2A688ABC}.Debug|Any CPU.ActiveCfg = Debug|Any CPU
		{6BA1E619-02B3-4EE7-98CA-9D9B2A688ABC}.Debug|Any CPU.Build.0 = Debug|Any CPU
		{6BA1E619-02B3-4EE7-98CA-9D9B2A688ABC}.Release|Any CPU.ActiveCfg = Release|Any CPU
		{6BA1E619-02B3-4EE7-98CA-9D9B2A688ABC}.Release|Any CPU.Build.0 = Release|Any CPU
		{6FEA2D43-9077-4C5F-BF9C-0F82E0412287}.Debug|Any CPU.ActiveCfg = Debug|Any CPU
		{6FEA2D43-9077-4C5F-BF9C-0F82E0412287}.Debug|Any CPU.Build.0 = Debug|Any CPU
		{6FEA2D43-9077-4C5F-BF9C-0F82E0412287}.Release|Any CPU.ActiveCfg = Release|Any CPU
		{6FEA2D43-9077-4C5F-BF9C-0F82E0412287}.Release|Any CPU.Build.0 = Release|Any CPU
	EndGlobalSection
	GlobalSection(SolutionProperties) = preSolution
		HideSolutionNode = FALSE
	EndGlobalSection
	GlobalSection(NestedProjects) = preSolution
		{6529A59E-F616-4B5B-9215-D97C352EBE3A} = {013DC978-2AF6-40C9-B307-EAC1960571B3}
		{D6B20A44-38DA-4BCB-AAD9-67F84A209317} = {D5F8D09F-198B-4884-A851-B204274DDC09}
		{2BC17785-F617-4D94-9544-F01F0904DB04} = {D5F8D09F-198B-4884-A851-B204274DDC09}
		{00466C0B-24C5-4956-968E-E7F10F57F9FC} = {D5F8D09F-198B-4884-A851-B204274DDC09}
		{6BA1E619-02B3-4EE7-98CA-9D9B2A688ABC} = {D5F8D09F-198B-4884-A851-B204274DDC09}
		{6FEA2D43-9077-4C5F-BF9C-0F82E0412287} = {D5F8D09F-198B-4884-A851-B204274DDC09}
	EndGlobalSection
	GlobalSection(ExtensibilityGlobals) = postSolution
		SolutionGuid = {E940A5B6-2125-4B79-8573-4FDD461A70F0}
	EndGlobalSection
EndGlobal
